
Microsoft Visual Studio Solution File, Format Version 12.00
# Visual Studio 15
VisualStudioVersion = 15.0.26430.6
MinimumVisualStudioVersion = 10.0.40219.1
Project("{FAE04EC0-301F-11D3-BF4B-00C04F79EFBC}") = "Friendica Mobile.UWP", "Friendica Mobile.UWP\Friendica Mobile.UWP.csproj", "{6D10E194-AAE6-4C61-AEFC-7809A1381CC2}"
EndProject
Project("{FAE04EC0-301F-11D3-BF4B-00C04F79EFBC}") = "BackgroundTasks", "NotificationBackgroundTask\BackgroundTasks.csproj", "{19B67307-020B-46D8-B69B-7307376F8EF4}"
EndProject
Project("{FAE04EC0-301F-11D3-BF4B-00C04F79EFBC}") = "Friendica Mobile", "Friendica Mobile\Friendica Mobile.csproj", "{6D25D629-13A8-4320-8E59-28B05319668E}"
EndProject
Project("{FAE04EC0-301F-11D3-BF4B-00C04F79EFBC}") = "Friendica Mobile.Droid", "Friendica Mobile.Droid\Friendica Mobile.Droid.csproj", "{10A48497-F9AA-464C-BC6F-15274436064D}"
EndProject
Project("{FAE04EC0-301F-11D3-BF4B-00C04F79EFBC}") = "Friendica Mobile.iOS", "Friendica Mobile.iOS\Friendica Mobile.iOS.csproj", "{C776FE3B-F660-4B4D-8F49-7833C9E01F36}"
EndProject
Project("{FAE04EC0-301F-11D3-BF4B-00C04F79EFBC}") = "Friendica Mobile.macOS", "Friendica Mobile.macOS\Friendica Mobile.macOS.csproj", "{952DF5C3-3717-4844-B0DD-86DB5D5C292D}"
EndProject
Global
	GlobalSection(SolutionConfigurationPlatforms) = preSolution
		Ad-Hoc|Any CPU = Ad-Hoc|Any CPU
		Ad-Hoc|ARM = Ad-Hoc|ARM
		Ad-Hoc|iPhone = Ad-Hoc|iPhone
		Ad-Hoc|iPhoneSimulator = Ad-Hoc|iPhoneSimulator
		Ad-Hoc|x64 = Ad-Hoc|x64
		Ad-Hoc|x86 = Ad-Hoc|x86
		AppStore|Any CPU = AppStore|Any CPU
		AppStore|ARM = AppStore|ARM
		AppStore|iPhone = AppStore|iPhone
		AppStore|iPhoneSimulator = AppStore|iPhoneSimulator
		AppStore|x64 = AppStore|x64
		AppStore|x86 = AppStore|x86
		Debug|Any CPU = Debug|Any CPU
		Debug|ARM = Debug|ARM
		Debug|iPhone = Debug|iPhone
		Debug|iPhoneSimulator = Debug|iPhoneSimulator
		Debug|x64 = Debug|x64
		Debug|x86 = Debug|x86
		Release|Any CPU = Release|Any CPU
		Release|ARM = Release|ARM
		Release|iPhone = Release|iPhone
		Release|iPhoneSimulator = Release|iPhoneSimulator
		Release|x64 = Release|x64
		Release|x86 = Release|x86
	EndGlobalSection
	GlobalSection(ProjectConfigurationPlatforms) = postSolution
		{6D10E194-AAE6-4C61-AEFC-7809A1381CC2}.Ad-Hoc|Any CPU.ActiveCfg = Release|x64
		{6D10E194-AAE6-4C61-AEFC-7809A1381CC2}.Ad-Hoc|Any CPU.Build.0 = Release|x64
		{6D10E194-AAE6-4C61-AEFC-7809A1381CC2}.Ad-Hoc|Any CPU.Deploy.0 = Release|x64
		{6D10E194-AAE6-4C61-AEFC-7809A1381CC2}.Ad-Hoc|ARM.ActiveCfg = Release|ARM
		{6D10E194-AAE6-4C61-AEFC-7809A1381CC2}.Ad-Hoc|ARM.Build.0 = Release|ARM
		{6D10E194-AAE6-4C61-AEFC-7809A1381CC2}.Ad-Hoc|ARM.Deploy.0 = Release|ARM
		{6D10E194-AAE6-4C61-AEFC-7809A1381CC2}.Ad-Hoc|iPhone.ActiveCfg = Release|x64
		{6D10E194-AAE6-4C61-AEFC-7809A1381CC2}.Ad-Hoc|iPhone.Build.0 = Release|x64
		{6D10E194-AAE6-4C61-AEFC-7809A1381CC2}.Ad-Hoc|iPhone.Deploy.0 = Release|x64
		{6D10E194-AAE6-4C61-AEFC-7809A1381CC2}.Ad-Hoc|iPhoneSimulator.ActiveCfg = Release|x64
		{6D10E194-AAE6-4C61-AEFC-7809A1381CC2}.Ad-Hoc|iPhoneSimulator.Build.0 = Release|x64
		{6D10E194-AAE6-4C61-AEFC-7809A1381CC2}.Ad-Hoc|iPhoneSimulator.Deploy.0 = Release|x64
		{6D10E194-AAE6-4C61-AEFC-7809A1381CC2}.Ad-Hoc|x64.ActiveCfg = Release|x64
		{6D10E194-AAE6-4C61-AEFC-7809A1381CC2}.Ad-Hoc|x64.Build.0 = Release|x64
		{6D10E194-AAE6-4C61-AEFC-7809A1381CC2}.Ad-Hoc|x64.Deploy.0 = Release|x64
		{6D10E194-AAE6-4C61-AEFC-7809A1381CC2}.Ad-Hoc|x86.ActiveCfg = Release|x86
		{6D10E194-AAE6-4C61-AEFC-7809A1381CC2}.Ad-Hoc|x86.Build.0 = Release|x86
		{6D10E194-AAE6-4C61-AEFC-7809A1381CC2}.Ad-Hoc|x86.Deploy.0 = Release|x86
		{6D10E194-AAE6-4C61-AEFC-7809A1381CC2}.AppStore|Any CPU.ActiveCfg = Release|x64
		{6D10E194-AAE6-4C61-AEFC-7809A1381CC2}.AppStore|Any CPU.Build.0 = Release|x64
		{6D10E194-AAE6-4C61-AEFC-7809A1381CC2}.AppStore|Any CPU.Deploy.0 = Release|x64
		{6D10E194-AAE6-4C61-AEFC-7809A1381CC2}.AppStore|ARM.ActiveCfg = Release|ARM
		{6D10E194-AAE6-4C61-AEFC-7809A1381CC2}.AppStore|ARM.Build.0 = Release|ARM
		{6D10E194-AAE6-4C61-AEFC-7809A1381CC2}.AppStore|ARM.Deploy.0 = Release|ARM
		{6D10E194-AAE6-4C61-AEFC-7809A1381CC2}.AppStore|iPhone.ActiveCfg = Release|x64
		{6D10E194-AAE6-4C61-AEFC-7809A1381CC2}.AppStore|iPhone.Build.0 = Release|x64
		{6D10E194-AAE6-4C61-AEFC-7809A1381CC2}.AppStore|iPhone.Deploy.0 = Release|x64
		{6D10E194-AAE6-4C61-AEFC-7809A1381CC2}.AppStore|iPhoneSimulator.ActiveCfg = Release|x64
		{6D10E194-AAE6-4C61-AEFC-7809A1381CC2}.AppStore|iPhoneSimulator.Build.0 = Release|x64
		{6D10E194-AAE6-4C61-AEFC-7809A1381CC2}.AppStore|iPhoneSimulator.Deploy.0 = Release|x64
		{6D10E194-AAE6-4C61-AEFC-7809A1381CC2}.AppStore|x64.ActiveCfg = Release|x64
		{6D10E194-AAE6-4C61-AEFC-7809A1381CC2}.AppStore|x64.Build.0 = Release|x64
		{6D10E194-AAE6-4C61-AEFC-7809A1381CC2}.AppStore|x64.Deploy.0 = Release|x64
		{6D10E194-AAE6-4C61-AEFC-7809A1381CC2}.AppStore|x86.ActiveCfg = Release|x86
		{6D10E194-AAE6-4C61-AEFC-7809A1381CC2}.AppStore|x86.Build.0 = Release|x86
		{6D10E194-AAE6-4C61-AEFC-7809A1381CC2}.Debug|Any CPU.ActiveCfg = Debug|x86
		{6D10E194-AAE6-4C61-AEFC-7809A1381CC2}.Debug|Any CPU.Build.0 = Debug|x86
		{6D10E194-AAE6-4C61-AEFC-7809A1381CC2}.Debug|Any CPU.Deploy.0 = Debug|x86
		{6D10E194-AAE6-4C61-AEFC-7809A1381CC2}.Debug|ARM.ActiveCfg = Debug|ARM
		{6D10E194-AAE6-4C61-AEFC-7809A1381CC2}.Debug|ARM.Build.0 = Debug|ARM
		{6D10E194-AAE6-4C61-AEFC-7809A1381CC2}.Debug|ARM.Deploy.0 = Debug|ARM
		{6D10E194-AAE6-4C61-AEFC-7809A1381CC2}.Debug|iPhone.ActiveCfg = Debug|x86
		{6D10E194-AAE6-4C61-AEFC-7809A1381CC2}.Debug|iPhoneSimulator.ActiveCfg = Debug|x86
		{6D10E194-AAE6-4C61-AEFC-7809A1381CC2}.Debug|x64.ActiveCfg = Debug|x64
		{6D10E194-AAE6-4C61-AEFC-7809A1381CC2}.Debug|x64.Build.0 = Debug|x64
		{6D10E194-AAE6-4C61-AEFC-7809A1381CC2}.Debug|x64.Deploy.0 = Debug|x64
		{6D10E194-AAE6-4C61-AEFC-7809A1381CC2}.Debug|x86.ActiveCfg = Debug|x86
		{6D10E194-AAE6-4C61-AEFC-7809A1381CC2}.Debug|x86.Build.0 = Debug|x86
		{6D10E194-AAE6-4C61-AEFC-7809A1381CC2}.Debug|x86.Deploy.0 = Debug|x86
		{6D10E194-AAE6-4C61-AEFC-7809A1381CC2}.Release|Any CPU.ActiveCfg = Release|x86
		{6D10E194-AAE6-4C61-AEFC-7809A1381CC2}.Release|ARM.ActiveCfg = Release|ARM
		{6D10E194-AAE6-4C61-AEFC-7809A1381CC2}.Release|ARM.Build.0 = Release|ARM
		{6D10E194-AAE6-4C61-AEFC-7809A1381CC2}.Release|ARM.Deploy.0 = Release|ARM
		{6D10E194-AAE6-4C61-AEFC-7809A1381CC2}.Release|iPhone.ActiveCfg = Release|x86
		{6D10E194-AAE6-4C61-AEFC-7809A1381CC2}.Release|iPhoneSimulator.ActiveCfg = Release|x86
		{6D10E194-AAE6-4C61-AEFC-7809A1381CC2}.Release|x64.ActiveCfg = Release|x64
		{6D10E194-AAE6-4C61-AEFC-7809A1381CC2}.Release|x64.Build.0 = Release|x64
		{6D10E194-AAE6-4C61-AEFC-7809A1381CC2}.Release|x64.Deploy.0 = Release|x64
		{6D10E194-AAE6-4C61-AEFC-7809A1381CC2}.Release|x86.ActiveCfg = Release|x86
		{6D10E194-AAE6-4C61-AEFC-7809A1381CC2}.Release|x86.Build.0 = Release|x86
		{6D10E194-AAE6-4C61-AEFC-7809A1381CC2}.Release|x86.Deploy.0 = Release|x86
		{19B67307-020B-46D8-B69B-7307376F8EF4}.Ad-Hoc|Any CPU.ActiveCfg = Release|Any CPU
		{19B67307-020B-46D8-B69B-7307376F8EF4}.Ad-Hoc|Any CPU.Build.0 = Release|Any CPU
		{19B67307-020B-46D8-B69B-7307376F8EF4}.Ad-Hoc|ARM.ActiveCfg = Release|ARM
		{19B67307-020B-46D8-B69B-7307376F8EF4}.Ad-Hoc|ARM.Build.0 = Release|ARM
		{19B67307-020B-46D8-B69B-7307376F8EF4}.Ad-Hoc|iPhone.ActiveCfg = Release|Any CPU
		{19B67307-020B-46D8-B69B-7307376F8EF4}.Ad-Hoc|iPhone.Build.0 = Release|Any CPU
		{19B67307-020B-46D8-B69B-7307376F8EF4}.Ad-Hoc|iPhoneSimulator.ActiveCfg = Release|Any CPU
		{19B67307-020B-46D8-B69B-7307376F8EF4}.Ad-Hoc|iPhoneSimulator.Build.0 = Release|Any CPU
		{19B67307-020B-46D8-B69B-7307376F8EF4}.Ad-Hoc|x64.ActiveCfg = Release|x64
		{19B67307-020B-46D8-B69B-7307376F8EF4}.Ad-Hoc|x64.Build.0 = Release|x64
		{19B67307-020B-46D8-B69B-7307376F8EF4}.Ad-Hoc|x86.ActiveCfg = Release|x86
		{19B67307-020B-46D8-B69B-7307376F8EF4}.Ad-Hoc|x86.Build.0 = Release|x86
		{19B67307-020B-46D8-B69B-7307376F8EF4}.AppStore|Any CPU.ActiveCfg = Release|Any CPU
		{19B67307-020B-46D8-B69B-7307376F8EF4}.AppStore|Any CPU.Build.0 = Release|Any CPU
		{19B67307-020B-46D8-B69B-7307376F8EF4}.AppStore|ARM.ActiveCfg = Release|ARM
		{19B67307-020B-46D8-B69B-7307376F8EF4}.AppStore|ARM.Build.0 = Release|ARM
		{19B67307-020B-46D8-B69B-7307376F8EF4}.AppStore|iPhone.ActiveCfg = Release|Any CPU
		{19B67307-020B-46D8-B69B-7307376F8EF4}.AppStore|iPhone.Build.0 = Release|Any CPU
		{19B67307-020B-46D8-B69B-7307376F8EF4}.AppStore|iPhoneSimulator.ActiveCfg = Release|Any CPU
		{19B67307-020B-46D8-B69B-7307376F8EF4}.AppStore|iPhoneSimulator.Build.0 = Release|Any CPU
		{19B67307-020B-46D8-B69B-7307376F8EF4}.AppStore|x64.ActiveCfg = Release|x64
		{19B67307-020B-46D8-B69B-7307376F8EF4}.AppStore|x64.Build.0 = Release|x64
		{19B67307-020B-46D8-B69B-7307376F8EF4}.AppStore|x86.ActiveCfg = Release|x86
		{19B67307-020B-46D8-B69B-7307376F8EF4}.AppStore|x86.Build.0 = Release|x86
		{19B67307-020B-46D8-B69B-7307376F8EF4}.Debug|Any CPU.ActiveCfg = Debug|Any CPU
		{19B67307-020B-46D8-B69B-7307376F8EF4}.Debug|Any CPU.Build.0 = Debug|Any CPU
		{19B67307-020B-46D8-B69B-7307376F8EF4}.Debug|ARM.ActiveCfg = Debug|ARM
		{19B67307-020B-46D8-B69B-7307376F8EF4}.Debug|ARM.Build.0 = Debug|ARM
		{19B67307-020B-46D8-B69B-7307376F8EF4}.Debug|iPhone.ActiveCfg = Debug|Any CPU
		{19B67307-020B-46D8-B69B-7307376F8EF4}.Debug|iPhone.Build.0 = Debug|Any CPU
		{19B67307-020B-46D8-B69B-7307376F8EF4}.Debug|iPhoneSimulator.ActiveCfg = Debug|Any CPU
		{19B67307-020B-46D8-B69B-7307376F8EF4}.Debug|iPhoneSimulator.Build.0 = Debug|Any CPU
		{19B67307-020B-46D8-B69B-7307376F8EF4}.Debug|x64.ActiveCfg = Debug|x64
		{19B67307-020B-46D8-B69B-7307376F8EF4}.Debug|x64.Build.0 = Debug|x64
		{19B67307-020B-46D8-B69B-7307376F8EF4}.Debug|x86.ActiveCfg = Debug|x86
		{19B67307-020B-46D8-B69B-7307376F8EF4}.Debug|x86.Build.0 = Debug|x86
		{19B67307-020B-46D8-B69B-7307376F8EF4}.Release|Any CPU.ActiveCfg = Release|Any CPU
		{19B67307-020B-46D8-B69B-7307376F8EF4}.Release|Any CPU.Build.0 = Release|Any CPU
		{19B67307-020B-46D8-B69B-7307376F8EF4}.Release|ARM.ActiveCfg = Release|ARM
		{19B67307-020B-46D8-B69B-7307376F8EF4}.Release|ARM.Build.0 = Release|ARM
		{19B67307-020B-46D8-B69B-7307376F8EF4}.Release|iPhone.ActiveCfg = Release|Any CPU
		{19B67307-020B-46D8-B69B-7307376F8EF4}.Release|iPhone.Build.0 = Release|Any CPU
		{19B67307-020B-46D8-B69B-7307376F8EF4}.Release|iPhoneSimulator.ActiveCfg = Release|Any CPU
		{19B67307-020B-46D8-B69B-7307376F8EF4}.Release|iPhoneSimulator.Build.0 = Release|Any CPU
		{19B67307-020B-46D8-B69B-7307376F8EF4}.Release|x64.ActiveCfg = Release|x64
		{19B67307-020B-46D8-B69B-7307376F8EF4}.Release|x64.Build.0 = Release|x64
		{19B67307-020B-46D8-B69B-7307376F8EF4}.Release|x86.ActiveCfg = Release|x86
		{19B67307-020B-46D8-B69B-7307376F8EF4}.Release|x86.Build.0 = Release|x86
		{6D25D629-13A8-4320-8E59-28B05319668E}.Ad-Hoc|Any CPU.ActiveCfg = Release|Any CPU
		{6D25D629-13A8-4320-8E59-28B05319668E}.Ad-Hoc|Any CPU.Build.0 = Release|Any CPU
		{6D25D629-13A8-4320-8E59-28B05319668E}.Ad-Hoc|ARM.ActiveCfg = Release|Any CPU
		{6D25D629-13A8-4320-8E59-28B05319668E}.Ad-Hoc|ARM.Build.0 = Release|Any CPU
		{6D25D629-13A8-4320-8E59-28B05319668E}.Ad-Hoc|iPhone.ActiveCfg = Release|Any CPU
		{6D25D629-13A8-4320-8E59-28B05319668E}.Ad-Hoc|iPhone.Build.0 = Release|Any CPU
		{6D25D629-13A8-4320-8E59-28B05319668E}.Ad-Hoc|iPhoneSimulator.ActiveCfg = Release|Any CPU
		{6D25D629-13A8-4320-8E59-28B05319668E}.Ad-Hoc|iPhoneSimulator.Build.0 = Release|Any CPU
		{6D25D629-13A8-4320-8E59-28B05319668E}.Ad-Hoc|x64.ActiveCfg = Release|Any CPU
		{6D25D629-13A8-4320-8E59-28B05319668E}.Ad-Hoc|x64.Build.0 = Release|Any CPU
		{6D25D629-13A8-4320-8E59-28B05319668E}.Ad-Hoc|x86.ActiveCfg = Release|Any CPU
		{6D25D629-13A8-4320-8E59-28B05319668E}.Ad-Hoc|x86.Build.0 = Release|Any CPU
		{6D25D629-13A8-4320-8E59-28B05319668E}.AppStore|Any CPU.ActiveCfg = Release|Any CPU
		{6D25D629-13A8-4320-8E59-28B05319668E}.AppStore|Any CPU.Build.0 = Release|Any CPU
		{6D25D629-13A8-4320-8E59-28B05319668E}.AppStore|ARM.ActiveCfg = Release|Any CPU
		{6D25D629-13A8-4320-8E59-28B05319668E}.AppStore|ARM.Build.0 = Release|Any CPU
		{6D25D629-13A8-4320-8E59-28B05319668E}.AppStore|iPhone.ActiveCfg = Release|Any CPU
		{6D25D629-13A8-4320-8E59-28B05319668E}.AppStore|iPhone.Build.0 = Release|Any CPU
		{6D25D629-13A8-4320-8E59-28B05319668E}.AppStore|iPhoneSimulator.ActiveCfg = Release|Any CPU
		{6D25D629-13A8-4320-8E59-28B05319668E}.AppStore|iPhoneSimulator.Build.0 = Release|Any CPU
		{6D25D629-13A8-4320-8E59-28B05319668E}.AppStore|x64.ActiveCfg = Release|Any CPU
		{6D25D629-13A8-4320-8E59-28B05319668E}.AppStore|x64.Build.0 = Release|Any CPU
		{6D25D629-13A8-4320-8E59-28B05319668E}.AppStore|x86.ActiveCfg = Release|Any CPU
		{6D25D629-13A8-4320-8E59-28B05319668E}.AppStore|x86.Build.0 = Release|Any CPU
		{6D25D629-13A8-4320-8E59-28B05319668E}.Debug|Any CPU.ActiveCfg = Debug|Any CPU
		{6D25D629-13A8-4320-8E59-28B05319668E}.Debug|Any CPU.Build.0 = Debug|Any CPU
		{6D25D629-13A8-4320-8E59-28B05319668E}.Debug|ARM.ActiveCfg = Debug|Any CPU
		{6D25D629-13A8-4320-8E59-28B05319668E}.Debug|ARM.Build.0 = Debug|Any CPU
		{6D25D629-13A8-4320-8E59-28B05319668E}.Debug|iPhone.ActiveCfg = Debug|Any CPU
		{6D25D629-13A8-4320-8E59-28B05319668E}.Debug|iPhone.Build.0 = Debug|Any CPU
		{6D25D629-13A8-4320-8E59-28B05319668E}.Debug|iPhoneSimulator.ActiveCfg = Debug|Any CPU
		{6D25D629-13A8-4320-8E59-28B05319668E}.Debug|iPhoneSimulator.Build.0 = Debug|Any CPU
		{6D25D629-13A8-4320-8E59-28B05319668E}.Debug|x64.ActiveCfg = Debug|Any CPU
		{6D25D629-13A8-4320-8E59-28B05319668E}.Debug|x64.Build.0 = Debug|Any CPU
		{6D25D629-13A8-4320-8E59-28B05319668E}.Debug|x86.ActiveCfg = Debug|Any CPU
		{6D25D629-13A8-4320-8E59-28B05319668E}.Debug|x86.Build.0 = Debug|Any CPU
		{6D25D629-13A8-4320-8E59-28B05319668E}.Release|Any CPU.ActiveCfg = Release|Any CPU
		{6D25D629-13A8-4320-8E59-28B05319668E}.Release|Any CPU.Build.0 = Release|Any CPU
		{6D25D629-13A8-4320-8E59-28B05319668E}.Release|ARM.ActiveCfg = Release|Any CPU
		{6D25D629-13A8-4320-8E59-28B05319668E}.Release|ARM.Build.0 = Release|Any CPU
		{6D25D629-13A8-4320-8E59-28B05319668E}.Release|iPhone.ActiveCfg = Release|Any CPU
		{6D25D629-13A8-4320-8E59-28B05319668E}.Release|iPhone.Build.0 = Release|Any CPU
		{6D25D629-13A8-4320-8E59-28B05319668E}.Release|iPhoneSimulator.ActiveCfg = Release|Any CPU
		{6D25D629-13A8-4320-8E59-28B05319668E}.Release|iPhoneSimulator.Build.0 = Release|Any CPU
		{6D25D629-13A8-4320-8E59-28B05319668E}.Release|x64.ActiveCfg = Release|Any CPU
		{6D25D629-13A8-4320-8E59-28B05319668E}.Release|x64.Build.0 = Release|Any CPU
		{6D25D629-13A8-4320-8E59-28B05319668E}.Release|x86.ActiveCfg = Release|Any CPU
		{6D25D629-13A8-4320-8E59-28B05319668E}.Release|x86.Build.0 = Release|Any CPU
		{10A48497-F9AA-464C-BC6F-15274436064D}.Ad-Hoc|Any CPU.ActiveCfg = Release|Any CPU
		{10A48497-F9AA-464C-BC6F-15274436064D}.Ad-Hoc|Any CPU.Build.0 = Release|Any CPU
		{10A48497-F9AA-464C-BC6F-15274436064D}.Ad-Hoc|Any CPU.Deploy.0 = Release|Any CPU
		{10A48497-F9AA-464C-BC6F-15274436064D}.Ad-Hoc|ARM.ActiveCfg = Release|Any CPU
		{10A48497-F9AA-464C-BC6F-15274436064D}.Ad-Hoc|ARM.Build.0 = Release|Any CPU
		{10A48497-F9AA-464C-BC6F-15274436064D}.Ad-Hoc|ARM.Deploy.0 = Release|Any CPU
		{10A48497-F9AA-464C-BC6F-15274436064D}.Ad-Hoc|iPhone.ActiveCfg = Release|Any CPU
		{10A48497-F9AA-464C-BC6F-15274436064D}.Ad-Hoc|iPhone.Build.0 = Release|Any CPU
		{10A48497-F9AA-464C-BC6F-15274436064D}.Ad-Hoc|iPhone.Deploy.0 = Release|Any CPU
		{10A48497-F9AA-464C-BC6F-15274436064D}.Ad-Hoc|iPhoneSimulator.ActiveCfg = Release|Any CPU
		{10A48497-F9AA-464C-BC6F-15274436064D}.Ad-Hoc|iPhoneSimulator.Build.0 = Release|Any CPU
		{10A48497-F9AA-464C-BC6F-15274436064D}.Ad-Hoc|iPhoneSimulator.Deploy.0 = Release|Any CPU
		{10A48497-F9AA-464C-BC6F-15274436064D}.Ad-Hoc|x64.ActiveCfg = Release|Any CPU
		{10A48497-F9AA-464C-BC6F-15274436064D}.Ad-Hoc|x64.Build.0 = Release|Any CPU
		{10A48497-F9AA-464C-BC6F-15274436064D}.Ad-Hoc|x64.Deploy.0 = Release|Any CPU
		{10A48497-F9AA-464C-BC6F-15274436064D}.Ad-Hoc|x86.ActiveCfg = Release|Any CPU
		{10A48497-F9AA-464C-BC6F-15274436064D}.Ad-Hoc|x86.Build.0 = Release|Any CPU
		{10A48497-F9AA-464C-BC6F-15274436064D}.Ad-Hoc|x86.Deploy.0 = Release|Any CPU
		{10A48497-F9AA-464C-BC6F-15274436064D}.AppStore|Any CPU.ActiveCfg = Release|Any CPU
		{10A48497-F9AA-464C-BC6F-15274436064D}.AppStore|Any CPU.Build.0 = Release|Any CPU
		{10A48497-F9AA-464C-BC6F-15274436064D}.AppStore|Any CPU.Deploy.0 = Release|Any CPU
		{10A48497-F9AA-464C-BC6F-15274436064D}.AppStore|ARM.ActiveCfg = Release|Any CPU
		{10A48497-F9AA-464C-BC6F-15274436064D}.AppStore|ARM.Build.0 = Release|Any CPU
		{10A48497-F9AA-464C-BC6F-15274436064D}.AppStore|ARM.Deploy.0 = Release|Any CPU
		{10A48497-F9AA-464C-BC6F-15274436064D}.AppStore|iPhone.ActiveCfg = Release|Any CPU
		{10A48497-F9AA-464C-BC6F-15274436064D}.AppStore|iPhone.Build.0 = Release|Any CPU
		{10A48497-F9AA-464C-BC6F-15274436064D}.AppStore|iPhone.Deploy.0 = Release|Any CPU
		{10A48497-F9AA-464C-BC6F-15274436064D}.AppStore|iPhoneSimulator.ActiveCfg = Release|Any CPU
		{10A48497-F9AA-464C-BC6F-15274436064D}.AppStore|iPhoneSimulator.Build.0 = Release|Any CPU
		{10A48497-F9AA-464C-BC6F-15274436064D}.AppStore|iPhoneSimulator.Deploy.0 = Release|Any CPU
		{10A48497-F9AA-464C-BC6F-15274436064D}.AppStore|x64.ActiveCfg = Release|Any CPU
		{10A48497-F9AA-464C-BC6F-15274436064D}.AppStore|x64.Build.0 = Release|Any CPU
		{10A48497-F9AA-464C-BC6F-15274436064D}.AppStore|x64.Deploy.0 = Release|Any CPU
		{10A48497-F9AA-464C-BC6F-15274436064D}.AppStore|x86.ActiveCfg = Release|Any CPU
		{10A48497-F9AA-464C-BC6F-15274436064D}.AppStore|x86.Build.0 = Release|Any CPU
		{10A48497-F9AA-464C-BC6F-15274436064D}.AppStore|x86.Deploy.0 = Release|Any CPU
		{10A48497-F9AA-464C-BC6F-15274436064D}.Debug|Any CPU.ActiveCfg = Debug|Any CPU
		{10A48497-F9AA-464C-BC6F-15274436064D}.Debug|Any CPU.Build.0 = Debug|Any CPU
		{10A48497-F9AA-464C-BC6F-15274436064D}.Debug|Any CPU.Deploy.0 = Debug|Any CPU
		{10A48497-F9AA-464C-BC6F-15274436064D}.Debug|ARM.ActiveCfg = Debug|Any CPU
		{10A48497-F9AA-464C-BC6F-15274436064D}.Debug|ARM.Build.0 = Debug|Any CPU
		{10A48497-F9AA-464C-BC6F-15274436064D}.Debug|ARM.Deploy.0 = Debug|Any CPU
		{10A48497-F9AA-464C-BC6F-15274436064D}.Debug|iPhone.ActiveCfg = Debug|Any CPU
		{10A48497-F9AA-464C-BC6F-15274436064D}.Debug|iPhone.Build.0 = Debug|Any CPU
		{10A48497-F9AA-464C-BC6F-15274436064D}.Debug|iPhone.Deploy.0 = Debug|Any CPU
		{10A48497-F9AA-464C-BC6F-15274436064D}.Debug|iPhoneSimulator.ActiveCfg = Debug|Any CPU
		{10A48497-F9AA-464C-BC6F-15274436064D}.Debug|iPhoneSimulator.Build.0 = Debug|Any CPU
		{10A48497-F9AA-464C-BC6F-15274436064D}.Debug|iPhoneSimulator.Deploy.0 = Debug|Any CPU
		{10A48497-F9AA-464C-BC6F-15274436064D}.Debug|x64.ActiveCfg = Debug|Any CPU
		{10A48497-F9AA-464C-BC6F-15274436064D}.Debug|x64.Build.0 = Debug|Any CPU
		{10A48497-F9AA-464C-BC6F-15274436064D}.Debug|x64.Deploy.0 = Debug|Any CPU
		{10A48497-F9AA-464C-BC6F-15274436064D}.Debug|x86.ActiveCfg = Debug|Any CPU
		{10A48497-F9AA-464C-BC6F-15274436064D}.Debug|x86.Build.0 = Debug|Any CPU
		{10A48497-F9AA-464C-BC6F-15274436064D}.Debug|x86.Deploy.0 = Debug|Any CPU
		{10A48497-F9AA-464C-BC6F-15274436064D}.Release|Any CPU.ActiveCfg = Release|Any CPU
		{10A48497-F9AA-464C-BC6F-15274436064D}.Release|Any CPU.Build.0 = Release|Any CPU
		{10A48497-F9AA-464C-BC6F-15274436064D}.Release|Any CPU.Deploy.0 = Release|Any CPU
		{10A48497-F9AA-464C-BC6F-15274436064D}.Release|ARM.ActiveCfg = Release|Any CPU
		{10A48497-F9AA-464C-BC6F-15274436064D}.Release|ARM.Build.0 = Release|Any CPU
		{10A48497-F9AA-464C-BC6F-15274436064D}.Release|ARM.Deploy.0 = Release|Any CPU
		{10A48497-F9AA-464C-BC6F-15274436064D}.Release|iPhone.ActiveCfg = Release|Any CPU
		{10A48497-F9AA-464C-BC6F-15274436064D}.Release|iPhone.Build.0 = Release|Any CPU
		{10A48497-F9AA-464C-BC6F-15274436064D}.Release|iPhone.Deploy.0 = Release|Any CPU
		{10A48497-F9AA-464C-BC6F-15274436064D}.Release|iPhoneSimulator.ActiveCfg = Release|Any CPU
		{10A48497-F9AA-464C-BC6F-15274436064D}.Release|iPhoneSimulator.Build.0 = Release|Any CPU
		{10A48497-F9AA-464C-BC6F-15274436064D}.Release|iPhoneSimulator.Deploy.0 = Release|Any CPU
		{10A48497-F9AA-464C-BC6F-15274436064D}.Release|x64.ActiveCfg = Release|Any CPU
		{10A48497-F9AA-464C-BC6F-15274436064D}.Release|x64.Build.0 = Release|Any CPU
		{10A48497-F9AA-464C-BC6F-15274436064D}.Release|x64.Deploy.0 = Release|Any CPU
		{10A48497-F9AA-464C-BC6F-15274436064D}.Release|x86.ActiveCfg = Release|Any CPU
		{10A48497-F9AA-464C-BC6F-15274436064D}.Release|x86.Build.0 = Release|Any CPU
		{10A48497-F9AA-464C-BC6F-15274436064D}.Release|x86.Deploy.0 = Release|Any CPU
		{C776FE3B-F660-4B4D-8F49-7833C9E01F36}.Ad-Hoc|Any CPU.ActiveCfg = Ad-Hoc|iPhone
		{C776FE3B-F660-4B4D-8F49-7833C9E01F36}.Ad-Hoc|Any CPU.Build.0 = Ad-Hoc|iPhone
		{C776FE3B-F660-4B4D-8F49-7833C9E01F36}.Ad-Hoc|ARM.ActiveCfg = Ad-Hoc|iPhone
		{C776FE3B-F660-4B4D-8F49-7833C9E01F36}.Ad-Hoc|ARM.Build.0 = Ad-Hoc|iPhone
		{C776FE3B-F660-4B4D-8F49-7833C9E01F36}.Ad-Hoc|iPhone.ActiveCfg = Ad-Hoc|iPhone
		{C776FE3B-F660-4B4D-8F49-7833C9E01F36}.Ad-Hoc|iPhone.Build.0 = Ad-Hoc|iPhone
		{C776FE3B-F660-4B4D-8F49-7833C9E01F36}.Ad-Hoc|iPhoneSimulator.ActiveCfg = Debug|iPhoneSimulator
		{C776FE3B-F660-4B4D-8F49-7833C9E01F36}.Ad-Hoc|iPhoneSimulator.Build.0 = Debug|iPhoneSimulator
		{C776FE3B-F660-4B4D-8F49-7833C9E01F36}.Ad-Hoc|x64.ActiveCfg = Ad-Hoc|iPhone
		{C776FE3B-F660-4B4D-8F49-7833C9E01F36}.Ad-Hoc|x64.Build.0 = Ad-Hoc|iPhone
		{C776FE3B-F660-4B4D-8F49-7833C9E01F36}.Ad-Hoc|x86.ActiveCfg = Ad-Hoc|iPhone
		{C776FE3B-F660-4B4D-8F49-7833C9E01F36}.Ad-Hoc|x86.Build.0 = Ad-Hoc|iPhone
		{C776FE3B-F660-4B4D-8F49-7833C9E01F36}.AppStore|Any CPU.ActiveCfg = AppStore|iPhone
		{C776FE3B-F660-4B4D-8F49-7833C9E01F36}.AppStore|Any CPU.Build.0 = AppStore|iPhone
		{C776FE3B-F660-4B4D-8F49-7833C9E01F36}.AppStore|ARM.ActiveCfg = AppStore|iPhone
		{C776FE3B-F660-4B4D-8F49-7833C9E01F36}.AppStore|ARM.Build.0 = AppStore|iPhone
		{C776FE3B-F660-4B4D-8F49-7833C9E01F36}.AppStore|iPhone.ActiveCfg = AppStore|iPhone
		{C776FE3B-F660-4B4D-8F49-7833C9E01F36}.AppStore|iPhone.Build.0 = AppStore|iPhone
		{C776FE3B-F660-4B4D-8F49-7833C9E01F36}.AppStore|iPhoneSimulator.ActiveCfg = Debug|iPhoneSimulator
		{C776FE3B-F660-4B4D-8F49-7833C9E01F36}.AppStore|iPhoneSimulator.Build.0 = Debug|iPhoneSimulator
		{C776FE3B-F660-4B4D-8F49-7833C9E01F36}.AppStore|x64.ActiveCfg = AppStore|iPhone
		{C776FE3B-F660-4B4D-8F49-7833C9E01F36}.AppStore|x64.Build.0 = AppStore|iPhone
		{C776FE3B-F660-4B4D-8F49-7833C9E01F36}.AppStore|x86.ActiveCfg = AppStore|iPhone
		{C776FE3B-F660-4B4D-8F49-7833C9E01F36}.AppStore|x86.Build.0 = AppStore|iPhone
		{C776FE3B-F660-4B4D-8F49-7833C9E01F36}.Debug|Any CPU.ActiveCfg = Debug|iPhoneSimulator
		{C776FE3B-F660-4B4D-8F49-7833C9E01F36}.Debug|Any CPU.Build.0 = Debug|iPhoneSimulator
		{C776FE3B-F660-4B4D-8F49-7833C9E01F36}.Debug|ARM.ActiveCfg = Debug|iPhoneSimulator
		{C776FE3B-F660-4B4D-8F49-7833C9E01F36}.Debug|ARM.Build.0 = Debug|iPhoneSimulator
		{C776FE3B-F660-4B4D-8F49-7833C9E01F36}.Debug|iPhone.ActiveCfg = Debug|iPhone
		{C776FE3B-F660-4B4D-8F49-7833C9E01F36}.Debug|iPhone.Build.0 = Debug|iPhone
		{C776FE3B-F660-4B4D-8F49-7833C9E01F36}.Debug|iPhoneSimulator.ActiveCfg = Debug|iPhoneSimulator
		{C776FE3B-F660-4B4D-8F49-7833C9E01F36}.Debug|iPhoneSimulator.Build.0 = Debug|iPhoneSimulator
		{C776FE3B-F660-4B4D-8F49-7833C9E01F36}.Debug|x64.ActiveCfg = Debug|iPhoneSimulator
		{C776FE3B-F660-4B4D-8F49-7833C9E01F36}.Debug|x64.Build.0 = Debug|iPhoneSimulator
		{C776FE3B-F660-4B4D-8F49-7833C9E01F36}.Debug|x86.ActiveCfg = Debug|iPhoneSimulator
		{C776FE3B-F660-4B4D-8F49-7833C9E01F36}.Debug|x86.Build.0 = Debug|iPhoneSimulator
		{C776FE3B-F660-4B4D-8F49-7833C9E01F36}.Release|Any CPU.ActiveCfg = Release|iPhoneSimulator
		{C776FE3B-F660-4B4D-8F49-7833C9E01F36}.Release|Any CPU.Build.0 = Release|iPhoneSimulator
		{C776FE3B-F660-4B4D-8F49-7833C9E01F36}.Release|ARM.ActiveCfg = Release|iPhoneSimulator
		{C776FE3B-F660-4B4D-8F49-7833C9E01F36}.Release|ARM.Build.0 = Release|iPhoneSimulator
		{C776FE3B-F660-4B4D-8F49-7833C9E01F36}.Release|iPhone.ActiveCfg = Release|iPhone
		{C776FE3B-F660-4B4D-8F49-7833C9E01F36}.Release|iPhone.Build.0 = Release|iPhone
		{C776FE3B-F660-4B4D-8F49-7833C9E01F36}.Release|iPhoneSimulator.ActiveCfg = Release|iPhoneSimulator
		{C776FE3B-F660-4B4D-8F49-7833C9E01F36}.Release|iPhoneSimulator.Build.0 = Release|iPhoneSimulator
		{C776FE3B-F660-4B4D-8F49-7833C9E01F36}.Release|x64.ActiveCfg = Release|iPhoneSimulator
		{C776FE3B-F660-4B4D-8F49-7833C9E01F36}.Release|x64.Build.0 = Release|iPhoneSimulator
		{C776FE3B-F660-4B4D-8F49-7833C9E01F36}.Release|x86.ActiveCfg = Release|iPhoneSimulator
		{C776FE3B-F660-4B4D-8F49-7833C9E01F36}.Release|x86.Build.0 = Release|iPhoneSimulator
		{952DF5C3-3717-4844-B0DD-86DB5D5C292D}.Ad-Hoc|Any CPU.ActiveCfg = Release|iPhone
		{952DF5C3-3717-4844-B0DD-86DB5D5C292D}.Ad-Hoc|Any CPU.Build.0 = Release|iPhone
		{952DF5C3-3717-4844-B0DD-86DB5D5C292D}.Ad-Hoc|ARM.ActiveCfg = Release|iPhone
		{952DF5C3-3717-4844-B0DD-86DB5D5C292D}.Ad-Hoc|ARM.Build.0 = Release|iPhone
		{952DF5C3-3717-4844-B0DD-86DB5D5C292D}.Ad-Hoc|iPhone.ActiveCfg = Release|iPhone
		{952DF5C3-3717-4844-B0DD-86DB5D5C292D}.Ad-Hoc|iPhone.Build.0 = Release|iPhone
		{952DF5C3-3717-4844-B0DD-86DB5D5C292D}.Ad-Hoc|iPhoneSimulator.ActiveCfg = Debug|iPhone
		{952DF5C3-3717-4844-B0DD-86DB5D5C292D}.Ad-Hoc|iPhoneSimulator.Build.0 = Debug|iPhone
		{952DF5C3-3717-4844-B0DD-86DB5D5C292D}.Ad-Hoc|x64.ActiveCfg = Release|iPhone
		{952DF5C3-3717-4844-B0DD-86DB5D5C292D}.Ad-Hoc|x64.Build.0 = Release|iPhone
		{952DF5C3-3717-4844-B0DD-86DB5D5C292D}.Ad-Hoc|x86.ActiveCfg = Release|iPhone
		{952DF5C3-3717-4844-B0DD-86DB5D5C292D}.Ad-Hoc|x86.Build.0 = Release|iPhone
		{952DF5C3-3717-4844-B0DD-86DB5D5C292D}.AppStore|Any CPU.ActiveCfg = Release|iPhone
		{952DF5C3-3717-4844-B0DD-86DB5D5C292D}.AppStore|Any CPU.Build.0 = Release|iPhone
		{952DF5C3-3717-4844-B0DD-86DB5D5C292D}.AppStore|ARM.ActiveCfg = Release|iPhone
		{952DF5C3-3717-4844-B0DD-86DB5D5C292D}.AppStore|ARM.Build.0 = Release|iPhone
		{952DF5C3-3717-4844-B0DD-86DB5D5C292D}.AppStore|iPhone.ActiveCfg = Release|iPhone
		{952DF5C3-3717-4844-B0DD-86DB5D5C292D}.AppStore|iPhone.Build.0 = Release|iPhone
		{952DF5C3-3717-4844-B0DD-86DB5D5C292D}.AppStore|iPhoneSimulator.ActiveCfg = Debug|iPhone
		{952DF5C3-3717-4844-B0DD-86DB5D5C292D}.AppStore|iPhoneSimulator.Build.0 = Debug|iPhone
		{952DF5C3-3717-4844-B0DD-86DB5D5C292D}.AppStore|x64.ActiveCfg = Release|iPhone
		{952DF5C3-3717-4844-B0DD-86DB5D5C292D}.AppStore|x64.Build.0 = Release|iPhone
		{952DF5C3-3717-4844-B0DD-86DB5D5C292D}.AppStore|x86.ActiveCfg = Release|iPhone
		{952DF5C3-3717-4844-B0DD-86DB5D5C292D}.AppStore|x86.Build.0 = Release|iPhone
		{952DF5C3-3717-4844-B0DD-86DB5D5C292D}.Debug|Any CPU.ActiveCfg = Debug|iPhone
		{952DF5C3-3717-4844-B0DD-86DB5D5C292D}.Debug|Any CPU.Build.0 = Debug|iPhone
		{952DF5C3-3717-4844-B0DD-86DB5D5C292D}.Debug|ARM.ActiveCfg = Debug|iPhone
		{952DF5C3-3717-4844-B0DD-86DB5D5C292D}.Debug|ARM.Build.0 = Debug|iPhone
		{952DF5C3-3717-4844-B0DD-86DB5D5C292D}.Debug|iPhone.ActiveCfg = Debug|iPhone
		{952DF5C3-3717-4844-B0DD-86DB5D5C292D}.Debug|iPhone.Build.0 = Debug|iPhone
		{952DF5C3-3717-4844-B0DD-86DB5D5C292D}.Debug|iPhoneSimulator.ActiveCfg = Debug|iPhone
		{952DF5C3-3717-4844-B0DD-86DB5D5C292D}.Debug|iPhoneSimulator.Build.0 = Debug|iPhone
		{952DF5C3-3717-4844-B0DD-86DB5D5C292D}.Debug|x64.ActiveCfg = Debug|iPhone
		{952DF5C3-3717-4844-B0DD-86DB5D5C292D}.Debug|x64.Build.0 = Debug|iPhone
		{952DF5C3-3717-4844-B0DD-86DB5D5C292D}.Debug|x86.ActiveCfg = Debug|iPhone
		{952DF5C3-3717-4844-B0DD-86DB5D5C292D}.Debug|x86.Build.0 = Debug|iPhone
		{952DF5C3-3717-4844-B0DD-86DB5D5C292D}.Release|Any CPU.ActiveCfg = Release|iPhone
		{952DF5C3-3717-4844-B0DD-86DB5D5C292D}.Release|Any CPU.Build.0 = Release|iPhone
		{952DF5C3-3717-4844-B0DD-86DB5D5C292D}.Release|ARM.ActiveCfg = Release|iPhone
		{952DF5C3-3717-4844-B0DD-86DB5D5C292D}.Release|ARM.Build.0 = Release|iPhone
		{952DF5C3-3717-4844-B0DD-86DB5D5C292D}.Release|iPhone.ActiveCfg = Release|iPhone
		{952DF5C3-3717-4844-B0DD-86DB5D5C292D}.Release|iPhone.Build.0 = Release|iPhone
		{952DF5C3-3717-4844-B0DD-86DB5D5C292D}.Release|iPhoneSimulator.ActiveCfg = Release|iPhone
		{952DF5C3-3717-4844-B0DD-86DB5D5C292D}.Release|iPhoneSimulator.Build.0 = Release|iPhone
		{952DF5C3-3717-4844-B0DD-86DB5D5C292D}.Release|x64.ActiveCfg = Release|iPhone
		{952DF5C3-3717-4844-B0DD-86DB5D5C292D}.Release|x64.Build.0 = Release|iPhone
		{952DF5C3-3717-4844-B0DD-86DB5D5C292D}.Release|x86.ActiveCfg = Release|iPhone
		{952DF5C3-3717-4844-B0DD-86DB5D5C292D}.Release|x86.Build.0 = Release|iPhone
	EndGlobalSection
	GlobalSection(SolutionProperties) = preSolution
		HideSolutionNode = FALSE
	EndGlobalSection
	GlobalSection(ExtensibilityGlobals) = postSolution
		SolutionGuid = {25B128E5-6091-45CC-A2E1-F7C1D2ECB1A2}
	EndGlobalSection
EndGlobal
